{
  "name": "core",
  "version": "1.0.0",
  "lockfileVersion": 1,
  "requires": true,
  "dependencies": {
    "js-tokens": {
      "version": "4.0.0",
      "resolved": "https://registry.npmjs.org/js-tokens/-/js-tokens-4.0.0.tgz",
      "integrity": "sha512-RdJUflcE3cUzKiMqQgsCu06FPu9UdIJO0beYbPhHN4k6apgJtifcoCtT9bcxOpYBtpD2kCM6Sbzg4CausW/PKQ=="
    },
    "loose-envify": {
      "version": "1.4.0",
      "resolved": "https://registry.npmjs.org/loose-envify/-/loose-envify-1.4.0.tgz",
      "integrity": "sha512-lyuxPGr/Wfhrlem2CL/UcnUc1zcqKAImBDzukY7Y5F/yQiNdko6+fRLevlw1HgMySw7f611UIY408EtxRSoK3Q==",
      "requires": {
        "js-tokens": "^3.0.0 || ^4.0.0"
      }
    },
    "object-assign": {
      "version": "4.1.1",
      "resolved": "https://registry.npmjs.org/object-assign/-/object-assign-4.1.1.tgz",
      "integrity": "sha1-IQmtx5ZYh8/AXLvUQsrIv7s2CGM="
    },
    "prop-types": {
      "version": "15.7.2",
      "resolved": "https://registry.npmjs.org/prop-types/-/prop-types-15.7.2.tgz",
      "integrity": "sha512-8QQikdH7//R2vurIJSutZ1smHYTcLpRWEOlHnzcWHmBYrOGUysKwSsrC89BCiFj3CbrfJ/nXFdJepOVrY1GCHQ==",
      "requires": {
        "loose-envify": "^1.4.0",
        "object-assign": "^4.1.1",
        "react-is": "^16.8.1"
      }
    },
    "react-beforeunload": {
      "version": "2.2.2",
      "resolved": "https://registry.npmjs.org/react-beforeunload/-/react-beforeunload-2.2.2.tgz",
      "integrity": "sha512-U2ZMbVj58ziIYEwQAKJTsCbe9jXyltnKIrU47OTqk8amXzopL/S4fK7kqg0ph8O4aQoSy5ydvKL+KLg+jIUe0Q==",
      "requires": {
        "prop-types": "^15.7.2",
        "use-latest": "^1.1.0"
      }
    },
    "react-is": {
      "version": "16.13.1",
      "resolved": "https://registry.npmjs.org/react-is/-/react-is-16.13.1.tgz",
      "integrity": "sha512-24e6ynE2H+OKt4kqsOvNd8kBpV65zoxbA4BVsEOB3ARVWQki/DHzaUoC5KuON/BiccDaCCTZBuOcfZs70kR8bQ=="
    },
    "use-isomorphic-layout-effect": {
      "version": "1.0.0",
      "resolved": "https://registry.npmjs.org/use-isomorphic-layout-effect/-/use-isomorphic-layout-effect-1.0.0.tgz",
      "integrity": "sha512-JMwJ7Vd86NwAt1jH7q+OIozZSIxA4ND0fx6AsOe2q1H8ooBUp5aN6DvVCqZiIaYU6JaMRJGyR0FO7EBCIsb/Rg=="
    },
    "use-latest": {
      "version": "1.1.0",
      "resolved": "https://registry.npmjs.org/use-latest/-/use-latest-1.1.0.tgz",
      "integrity": "sha512-gF04d0ZMV3AMB8Q7HtfkAWe+oq1tFXP6dZKwBHQF5nVXtGsh2oAYeeqma5ZzxtlpOcW8Ro/tLcfmEodjDeqtuw==",
      "requires": {
        "use-isomorphic-layout-effect": "^1.0.0"
      }
    }
  }
}
